// !$*UTF8*$!
{
	archiveVersion = 1;
	classes = {
	};
	objectVersion = 50;
	objects = {

/* Begin PBXBuildFile section */
		FB08BD3726CEA64C00315538 /* PreferencesNotification.swift in Sources */ = {isa = PBXBuildFile; fileRef = FB08BD3626CEA64C00315538 /* PreferencesNotification.swift */; };
		FB0D44B226C00A7500224267 /* AppDelegate.swift in Sources */ = {isa = PBXBuildFile; fileRef = FB0D44B126C00A7500224267 /* AppDelegate.swift */; };
		FB0D44B426C00A7500224267 /* MainViewController.swift in Sources */ = {isa = PBXBuildFile; fileRef = FB0D44B326C00A7500224267 /* MainViewController.swift */; };
		FB0D44B626C00A7600224267 /* Assets.xcassets in Resources */ = {isa = PBXBuildFile; fileRef = FB0D44B526C00A7600224267 /* Assets.xcassets */; };
		FB0D44B926C00A7600224267 /* Main.storyboard in Resources */ = {isa = PBXBuildFile; fileRef = FB0D44B726C00A7600224267 /* Main.storyboard */; };
		FB0D44C626C1656800224267 /* CreateRigntClickMenu.swift in Sources */ = {isa = PBXBuildFile; fileRef = FB0D44C526C1656800224267 /* CreateRigntClickMenu.swift */; };
		FB0D44CB26C16D8000224267 /* TabViewController.swift in Sources */ = {isa = PBXBuildFile; fileRef = FB0D44CA26C16D8000224267 /* TabViewController.swift */; };
		FB0D44CD26C16DA400224267 /* WebViewController.swift in Sources */ = {isa = PBXBuildFile; fileRef = FB0D44CC26C16DA400224267 /* WebViewController.swift */; };
		FB0D44D026C178F100224267 /* WebView.swift in Sources */ = {isa = PBXBuildFile; fileRef = FB0D44CF26C178F100224267 /* WebView.swift */; };
		FB631F9F26C6C2F2005EC13F /* WebWindowController.swift in Sources */ = {isa = PBXBuildFile; fileRef = FB631F9E26C6C2F2005EC13F /* WebWindowController.swift */; };
		FB631FA226C8B739005EC13F /* MainWindowController.swift in Sources */ = {isa = PBXBuildFile; fileRef = FB631FA026C8B739005EC13F /* MainWindowController.swift */; };
		FB631FA726C8F6BE005EC13F /* PreferencesWindowController.swift in Sources */ = {isa = PBXBuildFile; fileRef = FB631FA526C8F6BE005EC13F /* PreferencesWindowController.swift */; };
		FB631FAA26C8FF19005EC13F /* EditableNSTextField.swift in Sources */ = {isa = PBXBuildFile; fileRef = FB631FA926C8FF19005EC13F /* EditableNSTextField.swift */; };
		FB631FAC26C901B4005EC13F /* TabSettingInputViewController.swift in Sources */ = {isa = PBXBuildFile; fileRef = FB631FAB26C901B4005EC13F /* TabSettingInputViewController.swift */; };
		FB631FB126C904AD005EC13F /* PreferencesUserDefault.swift in Sources */ = {isa = PBXBuildFile; fileRef = FB631FB026C904AD005EC13F /* PreferencesUserDefault.swift */; };
		FB631FB326C904B9005EC13F /* TabSettingData.swift in Sources */ = {isa = PBXBuildFile; fileRef = FB631FB226C904B9005EC13F /* TabSettingData.swift */; };
		FB631FB626C90D8C005EC13F /* TabSettingViewController.swift in Sources */ = {isa = PBXBuildFile; fileRef = FB631FB426C90D8C005EC13F /* TabSettingViewController.swift */; };
		FB631FBA26C910BA005EC13F /* TabSettingRowPresenter.swift in Sources */ = {isa = PBXBuildFile; fileRef = FB631FB926C910BA005EC13F /* TabSettingRowPresenter.swift */; };
		FB700AA426D28014000CE4B2 /* NSViewController+RightClickMenu.swift in Sources */ = {isa = PBXBuildFile; fileRef = FB700AA326D28014000CE4B2 /* NSViewController+RightClickMenu.swift */; };
/* End PBXBuildFile section */

/* Begin PBXFileReference section */
		FB08BD3626CEA64C00315538 /* PreferencesNotification.swift */ = {isa = PBXFileReference; lastKnownFileType = sourcecode.swift; path = PreferencesNotification.swift; sourceTree = "<group>"; };
		FB0D44AE26C00A7500224267 /* Squad.app */ = {isa = PBXFileReference; explicitFileType = wrapper.application; includeInIndex = 0; path = Squad.app; sourceTree = BUILT_PRODUCTS_DIR; };
		FB0D44B126C00A7500224267 /* AppDelegate.swift */ = {isa = PBXFileReference; lastKnownFileType = sourcecode.swift; path = AppDelegate.swift; sourceTree = "<group>"; };
		FB0D44B326C00A7500224267 /* MainViewController.swift */ = {isa = PBXFileReference; lastKnownFileType = sourcecode.swift; path = MainViewController.swift; sourceTree = "<group>"; };
		FB0D44B526C00A7600224267 /* Assets.xcassets */ = {isa = PBXFileReference; lastKnownFileType = folder.assetcatalog; path = Assets.xcassets; sourceTree = "<group>"; };
		FB0D44B826C00A7600224267 /* Base */ = {isa = PBXFileReference; lastKnownFileType = file.storyboard; name = Base; path = Base.lproj/Main.storyboard; sourceTree = "<group>"; };
		FB0D44BA26C00A7600224267 /* Info.plist */ = {isa = PBXFileReference; lastKnownFileType = text.plist.xml; path = Info.plist; sourceTree = "<group>"; };
		FB0D44BB26C00A7600224267 /* Squad.entitlements */ = {isa = PBXFileReference; lastKnownFileType = text.plist.entitlements; path = Squad.entitlements; sourceTree = "<group>"; };
		FB0D44C526C1656800224267 /* CreateRigntClickMenu.swift */ = {isa = PBXFileReference; lastKnownFileType = sourcecode.swift; path = CreateRigntClickMenu.swift; sourceTree = "<group>"; };
		FB0D44CA26C16D8000224267 /* TabViewController.swift */ = {isa = PBXFileReference; lastKnownFileType = sourcecode.swift; path = TabViewController.swift; sourceTree = "<group>"; };
		FB0D44CC26C16DA400224267 /* WebViewController.swift */ = {isa = PBXFileReference; lastKnownFileType = sourcecode.swift; path = WebViewController.swift; sourceTree = "<group>"; };
		FB0D44CF26C178F100224267 /* WebView.swift */ = {isa = PBXFileReference; lastKnownFileType = sourcecode.swift; path = WebView.swift; sourceTree = "<group>"; };
		FB631F9E26C6C2F2005EC13F /* WebWindowController.swift */ = {isa = PBXFileReference; lastKnownFileType = sourcecode.swift; path = WebWindowController.swift; sourceTree = "<group>"; };
		FB631FA026C8B739005EC13F /* MainWindowController.swift */ = {isa = PBXFileReference; lastKnownFileType = sourcecode.swift; path = MainWindowController.swift; sourceTree = "<group>"; };
		FB631FA526C8F6BE005EC13F /* PreferencesWindowController.swift */ = {isa = PBXFileReference; lastKnownFileType = sourcecode.swift; path = PreferencesWindowController.swift; sourceTree = "<group>"; };
		FB631FA926C8FF19005EC13F /* EditableNSTextField.swift */ = {isa = PBXFileReference; lastKnownFileType = sourcecode.swift; path = EditableNSTextField.swift; sourceTree = "<group>"; };
		FB631FAB26C901B4005EC13F /* TabSettingInputViewController.swift */ = {isa = PBXFileReference; lastKnownFileType = sourcecode.swift; path = TabSettingInputViewController.swift; sourceTree = "<group>"; };
		FB631FB026C904AD005EC13F /* PreferencesUserDefault.swift */ = {isa = PBXFileReference; lastKnownFileType = sourcecode.swift; path = PreferencesUserDefault.swift; sourceTree = "<group>"; };
		FB631FB226C904B9005EC13F /* TabSettingData.swift */ = {isa = PBXFileReference; lastKnownFileType = sourcecode.swift; path = TabSettingData.swift; sourceTree = "<group>"; };
		FB631FB426C90D8C005EC13F /* TabSettingViewController.swift */ = {isa = PBXFileReference; lastKnownFileType = sourcecode.swift; path = TabSettingViewController.swift; sourceTree = "<group>"; };
		FB631FB926C910BA005EC13F /* TabSettingRowPresenter.swift */ = {isa = PBXFileReference; lastKnownFileType = sourcecode.swift; path = TabSettingRowPresenter.swift; sourceTree = "<group>"; };
		FB700AA326D28014000CE4B2 /* NSViewController+RightClickMenu.swift */ = {isa = PBXFileReference; lastKnownFileType = sourcecode.swift; path = "NSViewController+RightClickMenu.swift"; sourceTree = "<group>"; };
/* End PBXFileReference section */

/* Begin PBXFrameworksBuildPhase section */
		FB0D44AB26C00A7500224267 /* Frameworks */ = {
			isa = PBXFrameworksBuildPhase;
			buildActionMask = 2147483647;
			files = (
			);
			runOnlyForDeploymentPostprocessing = 0;
		};
/* End PBXFrameworksBuildPhase section */

/* Begin PBXGroup section */
		FB08BD3526CEA62E00315538 /* Preferences */ = {
			isa = PBXGroup;
			children = (
				FB08BD3626CEA64C00315538 /* PreferencesNotification.swift */,
			);
			path = Preferences;
			sourceTree = "<group>";
		};
		FB0D44A526C00A7500224267 = {
			isa = PBXGroup;
			children = (
				FB0D44B026C00A7500224267 /* Squad */,
				FB0D44AF26C00A7500224267 /* Products */,
			);
			sourceTree = "<group>";
		};
		FB0D44AF26C00A7500224267 /* Products */ = {
			isa = PBXGroup;
			children = (
				FB0D44AE26C00A7500224267 /* Squad.app */,
			);
			name = Products;
			sourceTree = "<group>";
		};
		FB0D44B026C00A7500224267 /* Squad */ = {
			isa = PBXGroup;
			children = (
				FB631FAD26C9046D005EC13F /* Model */,
				FB0D44C126C00E3100224267 /* ViewController */,
				FB0D44CE26C178DA00224267 /* View */,
				FB0D44B126C00A7500224267 /* AppDelegate.swift */,
				FB0D44B526C00A7600224267 /* Assets.xcassets */,
				FB0D44B726C00A7600224267 /* Main.storyboard */,
				FB0D44BA26C00A7600224267 /* Info.plist */,
				FB0D44BB26C00A7600224267 /* Squad.entitlements */,
			);
			path = Squad;
			sourceTree = "<group>";
		};
		FB0D44C126C00E3100224267 /* ViewController */ = {
			isa = PBXGroup;
			children = (
				FB700AA226D27FAD000CE4B2 /* Extension */,
				FB631FA426C8F6A8005EC13F /* Preferences */,
				FB631F9D26C6C2D7005EC13F /* Web */,
				FB0D44C926C16D2E00224267 /* Tab */,
				FB0D44C726C165BE00224267 /* Main */,
			);
			path = ViewController;
			sourceTree = "<group>";
		};
		FB0D44C726C165BE00224267 /* Main */ = {
			isa = PBXGroup;
			children = (
				FB0D44B326C00A7500224267 /* MainViewController.swift */,
				FB631FA026C8B739005EC13F /* MainWindowController.swift */,
			);
			path = Main;
			sourceTree = "<group>";
		};
		FB0D44C826C165C900224267 /* Helper */ = {
			isa = PBXGroup;
			children = (
				FB0D44C526C1656800224267 /* CreateRigntClickMenu.swift */,
			);
			path = Helper;
			sourceTree = "<group>";
		};
		FB0D44C926C16D2E00224267 /* Tab */ = {
			isa = PBXGroup;
			children = (
				FB0D44C826C165C900224267 /* Helper */,
				FB0D44CA26C16D8000224267 /* TabViewController.swift */,
			);
			path = Tab;
			sourceTree = "<group>";
		};
		FB0D44CE26C178DA00224267 /* View */ = {
			isa = PBXGroup;
			children = (
				FB0D44CF26C178F100224267 /* WebView.swift */,
				FB631FA926C8FF19005EC13F /* EditableNSTextField.swift */,
			);
			path = View;
			sourceTree = "<group>";
		};
		FB631F9D26C6C2D7005EC13F /* Web */ = {
			isa = PBXGroup;
			children = (
				FB0D44CC26C16DA400224267 /* WebViewController.swift */,
				FB631F9E26C6C2F2005EC13F /* WebWindowController.swift */,
			);
			path = Web;
			sourceTree = "<group>";
		};
		FB631FA426C8F6A8005EC13F /* Preferences */ = {
			isa = PBXGroup;
			children = (
				FB631FB826C9109B005EC13F /* Presenter */,
				FB631FA526C8F6BE005EC13F /* PreferencesWindowController.swift */,
				FB631FB426C90D8C005EC13F /* TabSettingViewController.swift */,
				FB631FAB26C901B4005EC13F /* TabSettingInputViewController.swift */,
			);
			path = Preferences;
			sourceTree = "<group>";
		};
		FB631FAD26C9046D005EC13F /* Model */ = {
			isa = PBXGroup;
			children = (
				FB631FAF26C90483005EC13F /* UserDefault */,
				FB08BD3526CEA62E00315538 /* Preferences */,
			);
			path = Model;
			sourceTree = "<group>";
		};
		FB631FAE26C9047A005EC13F /* Preferences */ = {
			isa = PBXGroup;
			children = (
				FB631FB026C904AD005EC13F /* PreferencesUserDefault.swift */,
				FB631FB226C904B9005EC13F /* TabSettingData.swift */,
			);
			path = Preferences;
			sourceTree = "<group>";
		};
		FB631FAF26C90483005EC13F /* UserDefault */ = {
			isa = PBXGroup;
			children = (
				FB631FAE26C9047A005EC13F /* Preferences */,
			);
			path = UserDefault;
			sourceTree = "<group>";
		};
		FB631FB826C9109B005EC13F /* Presenter */ = {
			isa = PBXGroup;
			children = (
				FB631FB926C910BA005EC13F /* TabSettingRowPresenter.swift */,
			);
			path = Presenter;
			sourceTree = "<group>";
		};
		FB700AA226D27FAD000CE4B2 /* Extension */ = {
			isa = PBXGroup;
			children = (
				FB700AA326D28014000CE4B2 /* NSViewController+RightClickMenu.swift */,
			);
			path = Extension;
			sourceTree = "<group>";
		};
/* End PBXGroup section */

/* Begin PBXNativeTarget section */
		FB0D44AD26C00A7500224267 /* Squad */ = {
			isa = PBXNativeTarget;
			buildConfigurationList = FB0D44BE26C00A7600224267 /* Build configuration list for PBXNativeTarget "Squad" */;
			buildPhases = (
				FB0D44AA26C00A7500224267 /* Sources */,
				FB0D44AB26C00A7500224267 /* Frameworks */,
				FB0D44AC26C00A7500224267 /* Resources */,
			);
			buildRules = (
			);
			dependencies = (
			);
			name = Squad;
			productName = Squad;
			productReference = FB0D44AE26C00A7500224267 /* Squad.app */;
			productType = "com.apple.product-type.application";
		};
/* End PBXNativeTarget section */

/* Begin PBXProject section */
		FB0D44A626C00A7500224267 /* Project object */ = {
			isa = PBXProject;
			attributes = {
				LastSwiftUpdateCheck = 1250;
				LastUpgradeCheck = 1250;
				TargetAttributes = {
					FB0D44AD26C00A7500224267 = {
						CreatedOnToolsVersion = 12.5.1;
					};
				};
			};
			buildConfigurationList = FB0D44A926C00A7500224267 /* Build configuration list for PBXProject "Squad" */;
			compatibilityVersion = "Xcode 9.3";
			developmentRegion = en;
			hasScannedForEncodings = 0;
			knownRegions = (
				en,
				Base,
			);
			mainGroup = FB0D44A526C00A7500224267;
			productRefGroup = FB0D44AF26C00A7500224267 /* Products */;
			projectDirPath = "";
			projectRoot = "";
			targets = (
				FB0D44AD26C00A7500224267 /* Squad */,
			);
		};
/* End PBXProject section */

/* Begin PBXResourcesBuildPhase section */
		FB0D44AC26C00A7500224267 /* Resources */ = {
			isa = PBXResourcesBuildPhase;
			buildActionMask = 2147483647;
			files = (
				FB0D44B626C00A7600224267 /* Assets.xcassets in Resources */,
				FB0D44B926C00A7600224267 /* Main.storyboard in Resources */,
			);
			runOnlyForDeploymentPostprocessing = 0;
		};
/* End PBXResourcesBuildPhase section */

/* Begin PBXSourcesBuildPhase section */
		FB0D44AA26C00A7500224267 /* Sources */ = {
			isa = PBXSourcesBuildPhase;
			buildActionMask = 2147483647;
			files = (
				FB631F9F26C6C2F2005EC13F /* WebWindowController.swift in Sources */,
				FB08BD3726CEA64C00315538 /* PreferencesNotification.swift in Sources */,
				FB0D44CB26C16D8000224267 /* TabViewController.swift in Sources */,
				FB631FAA26C8FF19005EC13F /* EditableNSTextField.swift in Sources */,
				FB0D44C626C1656800224267 /* CreateRigntClickMenu.swift in Sources */,
				FB631FBA26C910BA005EC13F /* TabSettingRowPresenter.swift in Sources */,
				FB0D44B426C00A7500224267 /* MainViewController.swift in Sources */,
				FB631FB126C904AD005EC13F /* PreferencesUserDefault.swift in Sources */,
				FB0D44D026C178F100224267 /* WebView.swift in Sources */,
				FB700AA426D28014000CE4B2 /* NSViewController+RightClickMenu.swift in Sources */,
				FB631FB626C90D8C005EC13F /* TabSettingViewController.swift in Sources */,
				FB631FB326C904B9005EC13F /* TabSettingData.swift in Sources */,
				FB0D44CD26C16DA400224267 /* WebViewController.swift in Sources */,
				FB631FA726C8F6BE005EC13F /* PreferencesWindowController.swift in Sources */,
				FB631FA226C8B739005EC13F /* MainWindowController.swift in Sources */,
				FB0D44B226C00A7500224267 /* AppDelegate.swift in Sources */,
				FB631FAC26C901B4005EC13F /* TabSettingInputViewController.swift in Sources */,
			);
			runOnlyForDeploymentPostprocessing = 0;
		};
/* End PBXSourcesBuildPhase section */

/* Begin PBXVariantGroup section */
		FB0D44B726C00A7600224267 /* Main.storyboard */ = {
			isa = PBXVariantGroup;
			children = (
				FB0D44B826C00A7600224267 /* Base */,
			);
			name = Main.storyboard;
			sourceTree = "<group>";
		};
/* End PBXVariantGroup section */

/* Begin XCBuildConfiguration section */
		FB0D44BC26C00A7600224267 /* Debug */ = {
			isa = XCBuildConfiguration;
			buildSettings = {
				ALWAYS_SEARCH_USER_PATHS = NO;
				CLANG_ANALYZER_NONNULL = YES;
				CLANG_ANALYZER_NUMBER_OBJECT_CONVERSION = YES_AGGRESSIVE;
				CLANG_CXX_LANGUAGE_STANDARD = "gnu++14";
				CLANG_CXX_LIBRARY = "libc++";
				CLANG_ENABLE_MODULES = YES;
				CLANG_ENABLE_OBJC_ARC = YES;
				CLANG_ENABLE_OBJC_WEAK = YES;
				CLANG_WARN_BLOCK_CAPTURE_AUTORELEASING = YES;
				CLANG_WARN_BOOL_CONVERSION = YES;
				CLANG_WARN_COMMA = YES;
				CLANG_WARN_CONSTANT_CONVERSION = YES;
				CLANG_WARN_DEPRECATED_OBJC_IMPLEMENTATIONS = YES;
				CLANG_WARN_DIRECT_OBJC_ISA_USAGE = YES_ERROR;
				CLANG_WARN_DOCUMENTATION_COMMENTS = YES;
				CLANG_WARN_EMPTY_BODY = YES;
				CLANG_WARN_ENUM_CONVERSION = YES;
				CLANG_WARN_INFINITE_RECURSION = YES;
				CLANG_WARN_INT_CONVERSION = YES;
				CLANG_WARN_NON_LITERAL_NULL_CONVERSION = YES;
				CLANG_WARN_OBJC_IMPLICIT_RETAIN_SELF = YES;
				CLANG_WARN_OBJC_LITERAL_CONVERSION = YES;
				CLANG_WARN_OBJC_ROOT_CLASS = YES_ERROR;
				CLANG_WARN_QUOTED_INCLUDE_IN_FRAMEWORK_HEADER = YES;
				CLANG_WARN_RANGE_LOOP_ANALYSIS = YES;
				CLANG_WARN_STRICT_PROTOTYPES = YES;
				CLANG_WARN_SUSPICIOUS_MOVE = YES;
				CLANG_WARN_UNGUARDED_AVAILABILITY = YES_AGGRESSIVE;
				CLANG_WARN_UNREACHABLE_CODE = YES;
				CLANG_WARN__DUPLICATE_METHOD_MATCH = YES;
				COPY_PHASE_STRIP = NO;
				DEBUG_INFORMATION_FORMAT = dwarf;
				ENABLE_STRICT_OBJC_MSGSEND = YES;
				ENABLE_TESTABILITY = YES;
				GCC_C_LANGUAGE_STANDARD = gnu11;
				GCC_DYNAMIC_NO_PIC = NO;
				GCC_NO_COMMON_BLOCKS = YES;
				GCC_OPTIMIZATION_LEVEL = 0;
				GCC_PREPROCESSOR_DEFINITIONS = (
					"DEBUG=1",
					"$(inherited)",
				);
				GCC_WARN_64_TO_32_BIT_CONVERSION = YES;
				GCC_WARN_ABOUT_RETURN_TYPE = YES_ERROR;
				GCC_WARN_UNDECLARED_SELECTOR = YES;
				GCC_WARN_UNINITIALIZED_AUTOS = YES_AGGRESSIVE;
				GCC_WARN_UNUSED_FUNCTION = YES;
				GCC_WARN_UNUSED_VARIABLE = YES;
				MACOSX_DEPLOYMENT_TARGET = 11.3;
				MTL_ENABLE_DEBUG_INFO = INCLUDE_SOURCE;
				MTL_FAST_MATH = YES;
				ONLY_ACTIVE_ARCH = YES;
				SDKROOT = macosx;
				SWIFT_ACTIVE_COMPILATION_CONDITIONS = DEBUG;
				SWIFT_OPTIMIZATION_LEVEL = "-Onone";
			};
			name = Debug;
		};
		FB0D44BD26C00A7600224267 /* Release */ = {
			isa = XCBuildConfiguration;
			buildSettings = {
				ALWAYS_SEARCH_USER_PATHS = NO;
				CLANG_ANALYZER_NONNULL = YES;
				CLANG_ANALYZER_NUMBER_OBJECT_CONVERSION = YES_AGGRESSIVE;
				CLANG_CXX_LANGUAGE_STANDARD = "gnu++14";
				CLANG_CXX_LIBRARY = "libc++";
				CLANG_ENABLE_MODULES = YES;
				CLANG_ENABLE_OBJC_ARC = YES;
				CLANG_ENABLE_OBJC_WEAK = YES;
				CLANG_WARN_BLOCK_CAPTURE_AUTORELEASING = YES;
				CLANG_WARN_BOOL_CONVERSION = YES;
				CLANG_WARN_COMMA = YES;
				CLANG_WARN_CONSTANT_CONVERSION = YES;
				CLANG_WARN_DEPRECATED_OBJC_IMPLEMENTATIONS = YES;
				CLANG_WARN_DIRECT_OBJC_ISA_USAGE = YES_ERROR;
				CLANG_WARN_DOCUMENTATION_COMMENTS = YES;
				CLANG_WARN_EMPTY_BODY = YES;
				CLANG_WARN_ENUM_CONVERSION = YES;
				CLANG_WARN_INFINITE_RECURSION = YES;
				CLANG_WARN_INT_CONVERSION = YES;
				CLANG_WARN_NON_LITERAL_NULL_CONVERSION = YES;
				CLANG_WARN_OBJC_IMPLICIT_RETAIN_SELF = YES;
				CLANG_WARN_OBJC_LITERAL_CONVERSION = YES;
				CLANG_WARN_OBJC_ROOT_CLASS = YES_ERROR;
				CLANG_WARN_QUOTED_INCLUDE_IN_FRAMEWORK_HEADER = YES;
				CLANG_WARN_RANGE_LOOP_ANALYSIS = YES;
				CLANG_WARN_STRICT_PROTOTYPES = YES;
				CLANG_WARN_SUSPICIOUS_MOVE = YES;
				CLANG_WARN_UNGUARDED_AVAILABILITY = YES_AGGRESSIVE;
				CLANG_WARN_UNREACHABLE_CODE = YES;
				CLANG_WARN__DUPLICATE_METHOD_MATCH = YES;
				COPY_PHASE_STRIP = NO;
				DEBUG_INFORMATION_FORMAT = "dwarf-with-dsym";
				ENABLE_NS_ASSERTIONS = NO;
				ENABLE_STRICT_OBJC_MSGSEND = YES;
				GCC_C_LANGUAGE_STANDARD = gnu11;
				GCC_NO_COMMON_BLOCKS = YES;
				GCC_WARN_64_TO_32_BIT_CONVERSION = YES;
				GCC_WARN_ABOUT_RETURN_TYPE = YES_ERROR;
				GCC_WARN_UNDECLARED_SELECTOR = YES;
				GCC_WARN_UNINITIALIZED_AUTOS = YES_AGGRESSIVE;
				GCC_WARN_UNUSED_FUNCTION = YES;
				GCC_WARN_UNUSED_VARIABLE = YES;
				MACOSX_DEPLOYMENT_TARGET = 11.3;
				MTL_ENABLE_DEBUG_INFO = NO;
				MTL_FAST_MATH = YES;
				SDKROOT = macosx;
				SWIFT_COMPILATION_MODE = wholemodule;
				SWIFT_OPTIMIZATION_LEVEL = "-O";
			};
			name = Release;
		};
		FB0D44BF26C00A7600224267 /* Debug */ = {
			isa = XCBuildConfiguration;
			buildSettings = {
				ASSETCATALOG_COMPILER_APPICON_NAME = AppIcon;
				ASSETCATALOG_COMPILER_GLOBAL_ACCENT_COLOR_NAME = AccentColor;
				CODE_SIGN_ENTITLEMENTS = Squad/Squad.entitlements;
				CODE_SIGN_STYLE = Automatic;
				COMBINE_HIDPI_IMAGES = YES;
				DEVELOPMENT_TEAM = L3KVSF9U8Y;
				ENABLE_HARDENED_RUNTIME = YES;
				INFOPLIST_FILE = Squad/Info.plist;
				LD_RUNPATH_SEARCH_PATHS = (
					"$(inherited)",
					"@executable_path/../Frameworks",
				);
				PRODUCT_BUNDLE_IDENTIFIER = com.koalab.Squad;
				PRODUCT_NAME = "$(TARGET_NAME)";
				SWIFT_VERSION = 5.0;
			};
			name = Debug;
		};
		FB0D44C026C00A7600224267 /* Release */ = {
			isa = XCBuildConfiguration;
			buildSettings = {
				ASSETCATALOG_COMPILER_APPICON_NAME = AppIcon;
				ASSETCATALOG_COMPILER_GLOBAL_ACCENT_COLOR_NAME = AccentColor;
				CODE_SIGN_ENTITLEMENTS = Squad/Squad.entitlements;
				CODE_SIGN_STYLE = Automatic;
				COMBINE_HIDPI_IMAGES = YES;
				DEVELOPMENT_TEAM = L3KVSF9U8Y;
				ENABLE_HARDENED_RUNTIME = YES;
				INFOPLIST_FILE = Squad/Info.plist;
				LD_RUNPATH_SEARCH_PATHS = (
					"$(inherited)",
					"@executable_path/../Frameworks",
				);
				PRODUCT_BUNDLE_IDENTIFIER = com.koalab.Squad;
				PRODUCT_NAME = "$(TARGET_NAME)";
				SWIFT_VERSION = 5.0;
			};
			name = Release;
		};
/* End XCBuildConfiguration section */

/* Begin XCConfigurationList section */
		FB0D44A926C00A7500224267 /* Build configuration list for PBXProject "Squad" */ = {
			isa = XCConfigurationList;
			buildConfigurations = (
				FB0D44BC26C00A7600224267 /* Debug */,
				FB0D44BD26C00A7600224267 /* Release */,
			);
			defaultConfigurationIsVisible = 0;
			defaultConfigurationName = Release;
		};
		FB0D44BE26C00A7600224267 /* Build configuration list for PBXNativeTarget "Squad" */ = {
			isa = XCConfigurationList;
			buildConfigurations = (
				FB0D44BF26C00A7600224267 /* Debug */,
				FB0D44C026C00A7600224267 /* Release */,
			);
			defaultConfigurationIsVisible = 0;
			defaultConfigurationName = Release;
		};
/* End XCConfigurationList section */
	};
	rootObject = FB0D44A626C00A7500224267 /* Project object */;
}
